
Microsoft Visual Studio Solution File, Format Version 12.00
# Visual Studio Version 17
VisualStudioVersion = 17.5.33516.290
MinimumVisualStudioVersion = 10.0.40219.1
Project("{FAE04EC0-301F-11D3-BF4B-00C04F79EFBC}") = "productshop", "productshop.csproj", "{5F4E200C-45DA-4B1E-ADAC-3BE19731AF18}"
EndProject
Global
	GlobalSection(SolutionConfigurationPlatforms) = preSolution
		Debug|Any CPU = Debug|Any CPU
		Release|Any CPU = Release|Any CPU
	EndGlobalSection
	GlobalSection(ProjectConfigurationPlatforms) = postSolution
		{5F4E200C-45DA-4B1E-ADAC-3BE19731AF18}.Debug|Any CPU.ActiveCfg = Debug|Any CPU
		{5F4E200C-45DA-4B1E-ADAC-3BE19731AF18}.Debug|Any CPU.Build.0 = Debug|Any CPU
		{5F4E200C-45DA-4B1E-ADAC-3BE19731AF18}.Release|Any CPU.ActiveCfg = Release|Any CPU
		{5F4E200C-45DA-4B1E-ADAC-3BE19731AF18}.Release|Any CPU.Build.0 = Release|Any CPU
	EndGlobalSection
	GlobalSection(SolutionProperties) = preSolution
		HideSolutionNode = FALSE
	EndGlobalSection
	GlobalSection(ExtensibilityGlobals) = postSolution
		SolutionGuid = {0AC04013-1302-4D5D-A6A2-752BC11E4355}
	EndGlobalSection
EndGlobal
